// !$*UTF8*$!
{
	archiveVersion = 1;
	classes = {
	};
	objectVersion = 56;
	objects = {

/* Begin PBXBuildFile section */
		EF0721052A4EBCCA00A3E659 /* MyReminderApp.swift in Sources */ = {isa = PBXBuildFile; fileRef = EF0721042A4EBCCA00A3E659 /* MyReminderApp.swift */; };
		EF0721072A4EBCCA00A3E659 /* HomeView.swift in Sources */ = {isa = PBXBuildFile; fileRef = EF0721062A4EBCCA00A3E659 /* HomeView.swift */; };
		EF0721092A4EBCCB00A3E659 /* Assets.xcassets in Resources */ = {isa = PBXBuildFile; fileRef = EF0721082A4EBCCB00A3E659 /* Assets.xcassets */; };
		EF07210C2A4EBCCB00A3E659 /* Preview Assets.xcassets in Resources */ = {isa = PBXBuildFile; fileRef = EF07210B2A4EBCCB00A3E659 /* Preview Assets.xcassets */; };
		EF0721172A4EBF5F00A3E659 /* CoreDataProvider.swift in Sources */ = {isa = PBXBuildFile; fileRef = EF0721162A4EBF5F00A3E659 /* CoreDataProvider.swift */; };
		EF07211A2A4EC1EB00A3E659 /* RemindersModel.xcdatamodeld in Sources */ = {isa = PBXBuildFile; fileRef = EF0721182A4EC1EB00A3E659 /* RemindersModel.xcdatamodeld */; };
		EF0721222A4EC5BF00A3E659 /* MyList+CoreDataClass.swift in Sources */ = {isa = PBXBuildFile; fileRef = EF0721202A4EC5BF00A3E659 /* MyList+CoreDataClass.swift */; };
		EF0721232A4EC5BF00A3E659 /* MyList+CoreDataProperties.swift in Sources */ = {isa = PBXBuildFile; fileRef = EF0721212A4EC5BF00A3E659 /* MyList+CoreDataProperties.swift */; };
		EF0721262A4EC7FC00A3E659 /* AddNewListView.swift in Sources */ = {isa = PBXBuildFile; fileRef = EF0721252A4EC7FC00A3E659 /* AddNewListView.swift */; };
		EF0721282A4ED84B00A3E659 /* ColorPickerView.swift in Sources */ = {isa = PBXBuildFile; fileRef = EF0721272A4ED84B00A3E659 /* ColorPickerView.swift */; };
/* End PBXBuildFile section */

/* Begin PBXFileReference section */
		EF0721012A4EBCCA00A3E659 /* MyReminder.app */ = {isa = PBXFileReference; explicitFileType = wrapper.application; includeInIndex = 0; path = MyReminder.app; sourceTree = BUILT_PRODUCTS_DIR; };
		EF0721042A4EBCCA00A3E659 /* MyReminderApp.swift */ = {isa = PBXFileReference; lastKnownFileType = sourcecode.swift; path = MyReminderApp.swift; sourceTree = "<group>"; };
		EF0721062A4EBCCA00A3E659 /* HomeView.swift */ = {isa = PBXFileReference; lastKnownFileType = sourcecode.swift; path = HomeView.swift; sourceTree = "<group>"; };
		EF0721082A4EBCCB00A3E659 /* Assets.xcassets */ = {isa = PBXFileReference; lastKnownFileType = folder.assetcatalog; path = Assets.xcassets; sourceTree = "<group>"; };
		EF07210B2A4EBCCB00A3E659 /* Preview Assets.xcassets */ = {isa = PBXFileReference; lastKnownFileType = folder.assetcatalog; path = "Preview Assets.xcassets"; sourceTree = "<group>"; };
		EF0721162A4EBF5F00A3E659 /* CoreDataProvider.swift */ = {isa = PBXFileReference; lastKnownFileType = sourcecode.swift; path = CoreDataProvider.swift; sourceTree = "<group>"; };
		EF0721192A4EC1EB00A3E659 /* RemindersModel.xcdatamodel */ = {isa = PBXFileReference; lastKnownFileType = wrapper.xcdatamodel; path = RemindersModel.xcdatamodel; sourceTree = "<group>"; };
		EF0721202A4EC5BF00A3E659 /* MyList+CoreDataClass.swift */ = {isa = PBXFileReference; lastKnownFileType = sourcecode.swift; name = "MyList+CoreDataClass.swift"; path = "../../MyList+CoreDataClass.swift"; sourceTree = "<group>"; };
		EF0721212A4EC5BF00A3E659 /* MyList+CoreDataProperties.swift */ = {isa = PBXFileReference; lastKnownFileType = sourcecode.swift; name = "MyList+CoreDataProperties.swift"; path = "../../MyList+CoreDataProperties.swift"; sourceTree = "<group>"; };
		EF0721252A4EC7FC00A3E659 /* AddNewListView.swift */ = {isa = PBXFileReference; lastKnownFileType = sourcecode.swift; path = AddNewListView.swift; sourceTree = "<group>"; };
		EF0721272A4ED84B00A3E659 /* ColorPickerView.swift */ = {isa = PBXFileReference; lastKnownFileType = sourcecode.swift; path = ColorPickerView.swift; sourceTree = "<group>"; };
/* End PBXFileReference section */

/* Begin PBXFrameworksBuildPhase section */
		EF0720FE2A4EBCCA00A3E659 /* Frameworks */ = {
			isa = PBXFrameworksBuildPhase;
			buildActionMask = 2147483647;
			files = (
			);
			runOnlyForDeploymentPostprocessing = 0;
		};
/* End PBXFrameworksBuildPhase section */

/* Begin PBXGroup section */
		EF0720F82A4EBCCA00A3E659 = {
			isa = PBXGroup;
			children = (
				EF0721032A4EBCCA00A3E659 /* MyReminder */,
				EF0721022A4EBCCA00A3E659 /* Products */,
			);
			sourceTree = "<group>";
		};
		EF0721022A4EBCCA00A3E659 /* Products */ = {
			isa = PBXGroup;
			children = (
				EF0721012A4EBCCA00A3E659 /* MyReminder.app */,
			);
			name = Products;
			sourceTree = "<group>";
		};
		EF0721032A4EBCCA00A3E659 /* MyReminder */ = {
			isa = PBXGroup;
			children = (
				EF0721242A4EC7E600A3E659 /* View */,
				EF07211B2A4EC42B00A3E659 /* Models */,
				EF0721152A4EBF3D00A3E659 /* Providers */,
				EF0721042A4EBCCA00A3E659 /* MyReminderApp.swift */,
				EF0721082A4EBCCB00A3E659 /* Assets.xcassets */,
				EF07210A2A4EBCCB00A3E659 /* Preview Content */,
				EF0721182A4EC1EB00A3E659 /* RemindersModel.xcdatamodeld */,
			);
			path = MyReminder;
			sourceTree = "<group>";
		};
		EF07210A2A4EBCCB00A3E659 /* Preview Content */ = {
			isa = PBXGroup;
			children = (
				EF07210B2A4EBCCB00A3E659 /* Preview Assets.xcassets */,
			);
			path = "Preview Content";
			sourceTree = "<group>";
		};
		EF0721152A4EBF3D00A3E659 /* Providers */ = {
			isa = PBXGroup;
			children = (
				EF0721162A4EBF5F00A3E659 /* CoreDataProvider.swift */,
			);
			path = Providers;
			sourceTree = "<group>";
		};
		EF07211B2A4EC42B00A3E659 /* Models */ = {
			isa = PBXGroup;
			children = (
				EF0721202A4EC5BF00A3E659 /* MyList+CoreDataClass.swift */,
				EF0721212A4EC5BF00A3E659 /* MyList+CoreDataProperties.swift */,
			);
			path = Models;
			sourceTree = "<group>";
		};
		EF0721242A4EC7E600A3E659 /* View */ = {
			isa = PBXGroup;
			children = (
				EF0721062A4EBCCA00A3E659 /* HomeView.swift */,
				EF0721252A4EC7FC00A3E659 /* AddNewListView.swift */,
				EF0721272A4ED84B00A3E659 /* ColorPickerView.swift */,
			);
			path = View;
			sourceTree = "<group>";
		};
/* End PBXGroup section */

/* Begin PBXNativeTarget section */
		EF0721002A4EBCCA00A3E659 /* MyReminder */ = {
			isa = PBXNativeTarget;
			buildConfigurationList = EF07210F2A4EBCCB00A3E659 /* Build configuration list for PBXNativeTarget "MyReminder" */;
			buildPhases = (
				EF0720FD2A4EBCCA00A3E659 /* Sources */,
				EF0720FE2A4EBCCA00A3E659 /* Frameworks */,
				EF0720FF2A4EBCCA00A3E659 /* Resources */,
			);
			buildRules = (
			);
			dependencies = (
			);
			name = MyReminder;
			productName = MyReminder;
			productReference = EF0721012A4EBCCA00A3E659 /* MyReminder.app */;
			productType = "com.apple.product-type.application";
		};
/* End PBXNativeTarget section */

/* Begin PBXProject section */
		EF0720F92A4EBCCA00A3E659 /* Project object */ = {
			isa = PBXProject;
			attributes = {
				BuildIndependentTargetsInParallel = 1;
				LastSwiftUpdateCheck = 1410;
				LastUpgradeCheck = 1410;
				TargetAttributes = {
					EF0721002A4EBCCA00A3E659 = {
						CreatedOnToolsVersion = 14.1;
					};
				};
			};
			buildConfigurationList = EF0720FC2A4EBCCA00A3E659 /* Build configuration list for PBXProject "MyReminder" */;
			compatibilityVersion = "Xcode 14.0";
			developmentRegion = en;
			hasScannedForEncodings = 0;
			knownRegions = (
				en,
				Base,
			);
			mainGroup = EF0720F82A4EBCCA00A3E659;
			productRefGroup = EF0721022A4EBCCA00A3E659 /* Products */;
			projectDirPath = "";
			projectRoot = "";
			targets = (
				EF0721002A4EBCCA00A3E659 /* MyReminder */,
			);
		};
/* End PBXProject section */

/* Begin PBXResourcesBuildPhase section */
		EF0720FF2A4EBCCA00A3E659 /* Resources */ = {
			isa = PBXResourcesBuildPhase;
			buildActionMask = 2147483647;
			files = (
				EF07210C2A4EBCCB00A3E659 /* Preview Assets.xcassets in Resources */,
				EF0721092A4EBCCB00A3E659 /* Assets.xcassets in Resources */,
			);
			runOnlyForDeploymentPostprocessing = 0;
		};
/* End PBXResourcesBuildPhase section */

/* Begin PBXSourcesBuildPhase section */
		EF0720FD2A4EBCCA00A3E659 /* Sources */ = {
			isa = PBXSourcesBuildPhase;
			buildActionMask = 2147483647;
			files = (
				EF0721282A4ED84B00A3E659 /* ColorPickerView.swift in Sources */,
				EF0721072A4EBCCA00A3E659 /* HomeView.swift in Sources */,
				EF07211A2A4EC1EB00A3E659 /* RemindersModel.xcdatamodeld in Sources */,
				EF0721222A4EC5BF00A3E659 /* MyList+CoreDataClass.swift in Sources */,
				EF0721052A4EBCCA00A3E659 /* MyReminderApp.swift in Sources */,
				EF0721262A4EC7FC00A3E659 /* AddNewListView.swift in Sources */,
				EF0721172A4EBF5F00A3E659 /* CoreDataProvider.swift in Sources */,
				EF0721232A4EC5BF00A3E659 /* MyList+CoreDataProperties.swift in Sources */,
			);
			runOnlyForDeploymentPostprocessing = 0;
		};
/* End PBXSourcesBuildPhase section */

/* Begin XCBuildConfiguration section */
		EF07210D2A4EBCCB00A3E659 /* Debug */ = {
			isa = XCBuildConfiguration;
			buildSettings = {
				ALWAYS_SEARCH_USER_PATHS = NO;
				CLANG_ANALYZER_NONNULL = YES;
				CLANG_ANALYZER_NUMBER_OBJECT_CONVERSION = YES_AGGRESSIVE;
				CLANG_CXX_LANGUAGE_STANDARD = "gnu++20";
				CLANG_ENABLE_MODULES = YES;
				CLANG_ENABLE_OBJC_ARC = YES;
				CLANG_ENABLE_OBJC_WEAK = YES;
				CLANG_WARN_BLOCK_CAPTURE_AUTORELEASING = YES;
				CLANG_WARN_BOOL_CONVERSION = YES;
				CLANG_WARN_COMMA = YES;
				CLANG_WARN_CONSTANT_CONVERSION = YES;
				CLANG_WARN_DEPRECATED_OBJC_IMPLEMENTATIONS = YES;
				CLANG_WARN_DIRECT_OBJC_ISA_USAGE = YES_ERROR;
				CLANG_WARN_DOCUMENTATION_COMMENTS = YES;
				CLANG_WARN_EMPTY_BODY = YES;
				CLANG_WARN_ENUM_CONVERSION = YES;
				CLANG_WARN_INFINITE_RECURSION = YES;
				CLANG_WARN_INT_CONVERSION = YES;
				CLANG_WARN_NON_LITERAL_NULL_CONVERSION = YES;
				CLANG_WARN_OBJC_IMPLICIT_RETAIN_SELF = YES;
				CLANG_WARN_OBJC_LITERAL_CONVERSION = YES;
				CLANG_WARN_OBJC_ROOT_CLASS = YES_ERROR;
				CLANG_WARN_QUOTED_INCLUDE_IN_FRAMEWORK_HEADER = YES;
				CLANG_WARN_RANGE_LOOP_ANALYSIS = YES;
				CLANG_WARN_STRICT_PROTOTYPES = YES;
				CLANG_WARN_SUSPICIOUS_MOVE = YES;
				CLANG_WARN_UNGUARDED_AVAILABILITY = YES_AGGRESSIVE;
				CLANG_WARN_UNREACHABLE_CODE = YES;
				CLANG_WARN__DUPLICATE_METHOD_MATCH = YES;
				COPY_PHASE_STRIP = NO;
				DEBUG_INFORMATION_FORMAT = dwarf;
				ENABLE_STRICT_OBJC_MSGSEND = YES;
				ENABLE_TESTABILITY = YES;
				GCC_C_LANGUAGE_STANDARD = gnu11;
				GCC_DYNAMIC_NO_PIC = NO;
				GCC_NO_COMMON_BLOCKS = YES;
				GCC_OPTIMIZATION_LEVEL = 0;
				GCC_PREPROCESSOR_DEFINITIONS = (
					"DEBUG=1",
					"$(inherited)",
				);
				GCC_WARN_64_TO_32_BIT_CONVERSION = YES;
				GCC_WARN_ABOUT_RETURN_TYPE = YES_ERROR;
				GCC_WARN_UNDECLARED_SELECTOR = YES;
				GCC_WARN_UNINITIALIZED_AUTOS = YES_AGGRESSIVE;
				GCC_WARN_UNUSED_FUNCTION = YES;
				GCC_WARN_UNUSED_VARIABLE = YES;
				IPHONEOS_DEPLOYMENT_TARGET = 16.1;
				MTL_ENABLE_DEBUG_INFO = INCLUDE_SOURCE;
				MTL_FAST_MATH = YES;
				ONLY_ACTIVE_ARCH = YES;
				SDKROOT = iphoneos;
				SWIFT_ACTIVE_COMPILATION_CONDITIONS = DEBUG;
				SWIFT_OPTIMIZATION_LEVEL = "-Onone";
			};
			name = Debug;
		};
		EF07210E2A4EBCCB00A3E659 /* Release */ = {
			isa = XCBuildConfiguration;
			buildSettings = {
				ALWAYS_SEARCH_USER_PATHS = NO;
				CLANG_ANALYZER_NONNULL = YES;
				CLANG_ANALYZER_NUMBER_OBJECT_CONVERSION = YES_AGGRESSIVE;
				CLANG_CXX_LANGUAGE_STANDARD = "gnu++20";
				CLANG_ENABLE_MODULES = YES;
				CLANG_ENABLE_OBJC_ARC = YES;
				CLANG_ENABLE_OBJC_WEAK = YES;
				CLANG_WARN_BLOCK_CAPTURE_AUTORELEASING = YES;
				CLANG_WARN_BOOL_CONVERSION = YES;
				CLANG_WARN_COMMA = YES;
				CLANG_WARN_CONSTANT_CONVERSION = YES;
				CLANG_WARN_DEPRECATED_OBJC_IMPLEMENTATIONS = YES;
				CLANG_WARN_DIRECT_OBJC_ISA_USAGE = YES_ERROR;
				CLANG_WARN_DOCUMENTATION_COMMENTS = YES;
				CLANG_WARN_EMPTY_BODY = YES;
				CLANG_WARN_ENUM_CONVERSION = YES;
				CLANG_WARN_INFINITE_RECURSION = YES;
				CLANG_WARN_INT_CONVERSION = YES;
				CLANG_WARN_NON_LITERAL_NULL_CONVERSION = YES;
				CLANG_WARN_OBJC_IMPLICIT_RETAIN_SELF = YES;
				CLANG_WARN_OBJC_LITERAL_CONVERSION = YES;
				CLANG_WARN_OBJC_ROOT_CLASS = YES_ERROR;
				CLANG_WARN_QUOTED_INCLUDE_IN_FRAMEWORK_HEADER = YES;
				CLANG_WARN_RANGE_LOOP_ANALYSIS = YES;
				CLANG_WARN_STRICT_PROTOTYPES = YES;
				CLANG_WARN_SUSPICIOUS_MOVE = YES;
				CLANG_WARN_UNGUARDED_AVAILABILITY = YES_AGGRESSIVE;
				CLANG_WARN_UNREACHABLE_CODE = YES;
				CLANG_WARN__DUPLICATE_METHOD_MATCH = YES;
				COPY_PHASE_STRIP = NO;
				DEBUG_INFORMATION_FORMAT = "dwarf-with-dsym";
				ENABLE_NS_ASSERTIONS = NO;
				ENABLE_STRICT_OBJC_MSGSEND = YES;
				GCC_C_LANGUAGE_STANDARD = gnu11;
				GCC_NO_COMMON_BLOCKS = YES;
				GCC_WARN_64_TO_32_BIT_CONVERSION = YES;
				GCC_WARN_ABOUT_RETURN_TYPE = YES_ERROR;
				GCC_WARN_UNDECLARED_SELECTOR = YES;
				GCC_WARN_UNINITIALIZED_AUTOS = YES_AGGRESSIVE;
				GCC_WARN_UNUSED_FUNCTION = YES;
				GCC_WARN_UNUSED_VARIABLE = YES;
				IPHONEOS_DEPLOYMENT_TARGET = 16.1;
				MTL_ENABLE_DEBUG_INFO = NO;
				MTL_FAST_MATH = YES;
				SDKROOT = iphoneos;
				SWIFT_COMPILATION_MODE = wholemodule;
				SWIFT_OPTIMIZATION_LEVEL = "-O";
				VALIDATE_PRODUCT = YES;
			};
			name = Release;
		};
		EF0721102A4EBCCB00A3E659 /* Debug */ = {
			isa = XCBuildConfiguration;
			buildSettings = {
				ASSETCATALOG_COMPILER_APPICON_NAME = AppIcon;
				ASSETCATALOG_COMPILER_GLOBAL_ACCENT_COLOR_NAME = AccentColor;
				CODE_SIGN_STYLE = Automatic;
				CURRENT_PROJECT_VERSION = 1;
				DEVELOPMENT_ASSET_PATHS = "\"MyReminder/Preview Content\"";
				DEVELOPMENT_TEAM = S483SZ3V87;
				ENABLE_PREVIEWS = YES;
				GENERATE_INFOPLIST_FILE = YES;
				INFOPLIST_KEY_UIApplicationSceneManifest_Generation = YES;
				INFOPLIST_KEY_UIApplicationSupportsIndirectInputEvents = YES;
				INFOPLIST_KEY_UILaunchScreen_Generation = YES;
				INFOPLIST_KEY_UISupportedInterfaceOrientations_iPad = "UIInterfaceOrientationPortrait UIInterfaceOrientationPortraitUpsideDown UIInterfaceOrientationLandscapeLeft UIInterfaceOrientationLandscapeRight";
				INFOPLIST_KEY_UISupportedInterfaceOrientations_iPhone = "UIInterfaceOrientationPortrait UIInterfaceOrientationLandscapeLeft UIInterfaceOrientationLandscapeRight";
				LD_RUNPATH_SEARCH_PATHS = (
					"$(inherited)",
					"@executable_path/Frameworks",
				);
				MARKETING_VERSION = 1.0;
				PRODUCT_BUNDLE_IDENTIFIER = com.1103.MyReminder;
				PRODUCT_NAME = "$(TARGET_NAME)";
				SWIFT_EMIT_LOC_STRINGS = YES;
				SWIFT_VERSION = 5.0;
				TARGETED_DEVICE_FAMILY = "1,2";
			};
			name = Debug;
		};
		EF0721112A4EBCCB00A3E659 /* Release */ = {
			isa = XCBuildConfiguration;
			buildSettings = {
				ASSETCATALOG_COMPILER_APPICON_NAME = AppIcon;
				ASSETCATALOG_COMPILER_GLOBAL_ACCENT_COLOR_NAME = AccentColor;
				CODE_SIGN_STYLE = Automatic;
				CURRENT_PROJECT_VERSION = 1;
				DEVELOPMENT_ASSET_PATHS = "\"MyReminder/Preview Content\"";
				DEVELOPMENT_TEAM = S483SZ3V87;
				ENABLE_PREVIEWS = YES;
				GENERATE_INFOPLIST_FILE = YES;
				INFOPLIST_KEY_UIApplicationSceneManifest_Generation = YES;
				INFOPLIST_KEY_UIApplicationSupportsIndirectInputEvents = YES;
				INFOPLIST_KEY_UILaunchScreen_Generation = YES;
				INFOPLIST_KEY_UISupportedInterfaceOrientations_iPad = "UIInterfaceOrientationPortrait UIInterfaceOrientationPortraitUpsideDown UIInterfaceOrientationLandscapeLeft UIInterfaceOrientationLandscapeRight";
				INFOPLIST_KEY_UISupportedInterfaceOrientations_iPhone = "UIInterfaceOrientationPortrait UIInterfaceOrientationLandscapeLeft UIInterfaceOrientationLandscapeRight";
				LD_RUNPATH_SEARCH_PATHS = (
					"$(inherited)",
					"@executable_path/Frameworks",
				);
				MARKETING_VERSION = 1.0;
				PRODUCT_BUNDLE_IDENTIFIER = com.1103.MyReminder;
				PRODUCT_NAME = "$(TARGET_NAME)";
				SWIFT_EMIT_LOC_STRINGS = YES;
				SWIFT_VERSION = 5.0;
				TARGETED_DEVICE_FAMILY = "1,2";
			};
			name = Release;
		};
/* End XCBuildConfiguration section */

/* Begin XCConfigurationList section */
		EF0720FC2A4EBCCA00A3E659 /* Build configuration list for PBXProject "MyReminder" */ = {
			isa = XCConfigurationList;
			buildConfigurations = (
				EF07210D2A4EBCCB00A3E659 /* Debug */,
				EF07210E2A4EBCCB00A3E659 /* Release */,
			);
			defaultConfigurationIsVisible = 0;
			defaultConfigurationName = Release;
		};
		EF07210F2A4EBCCB00A3E659 /* Build configuration list for PBXNativeTarget "MyReminder" */ = {
			isa = XCConfigurationList;
			buildConfigurations = (
				EF0721102A4EBCCB00A3E659 /* Debug */,
				EF0721112A4EBCCB00A3E659 /* Release */,
			);
			defaultConfigurationIsVisible = 0;
			defaultConfigurationName = Release;
		};
/* End XCConfigurationList section */

/* Begin XCVersionGroup section */
		EF0721182A4EC1EB00A3E659 /* RemindersModel.xcdatamodeld */ = {
			isa = XCVersionGroup;
			children = (
				EF0721192A4EC1EB00A3E659 /* RemindersModel.xcdatamodel */,
			);
			currentVersion = EF0721192A4EC1EB00A3E659 /* RemindersModel.xcdatamodel */;
			path = RemindersModel.xcdatamodeld;
			sourceTree = "<group>";
			versionGroupType = wrapper.xcdatamodel;
		};
/* End XCVersionGroup section */
	};
	rootObject = EF0720F92A4EBCCA00A3E659 /* Project object */;
}
